
Microsoft Visual Studio Solution File, Format Version 12.00
# Visual Studio Version 17
VisualStudioVersion = 17.1.32421.90
MinimumVisualStudioVersion = 10.0.40219.1
Project("{F184B08F-C81C-45F6-A57F-5ABD9991F28F}") = "Number_Guessing_Game", "Number_Guessing_Game.vbproj", "{91515355-AD17-42AE-AEA7-BD5B86BA0994}"
EndProject
Global
	GlobalSection(SolutionConfigurationPlatforms) = preSolution
		Debug|Any CPU = Debug|Any CPU
		Release|Any CPU = Release|Any CPU
	EndGlobalSection
	GlobalSection(ProjectConfigurationPlatforms) = postSolution
		{91515355-AD17-42AE-AEA7-BD5B86BA0994}.Debug|Any CPU.ActiveCfg = Debug|Any CPU
		{91515355-AD17-42AE-AEA7-BD5B86BA0994}.Debug|Any CPU.Build.0 = Debug|Any CPU
		{91515355-AD17-42AE-AEA7-BD5B86BA0994}.Release|Any CPU.ActiveCfg = Release|Any CPU
		{91515355-AD17-42AE-AEA7-BD5B86BA0994}.Release|Any CPU.Build.0 = Release|Any CPU
	EndGlobalSection
	GlobalSection(SolutionProperties) = preSolution
		HideSolutionNode = FALSE
	EndGlobalSection
	GlobalSection(ExtensibilityGlobals) = postSolution
		SolutionGuid = {DC74FE98-89AA-4B1B-B2FF-57CB74C0DCE9}
	EndGlobalSection
EndGlobal
