
Microsoft Visual Studio Solution File, Format Version 12.00
# Visual Studio Version 17
VisualStudioVersion = 17.1.32421.90
MinimumVisualStudioVersion = 10.0.40219.1
Project("{FAE04EC0-301F-11D3-BF4B-00C04F79EFBC}") = "05-javapoint.com", "05-javapoint.com.csproj", "{EADC6596-BAC3-4D5B-9050-0B342AE74D64}"
EndProject
Global
	GlobalSection(SolutionConfigurationPlatforms) = preSolution
		Debug|Any CPU = Debug|Any CPU
		Release|Any CPU = Release|Any CPU
	EndGlobalSection
	GlobalSection(ProjectConfigurationPlatforms) = postSolution
		{EADC6596-BAC3-4D5B-9050-0B342AE74D64}.Debug|Any CPU.ActiveCfg = Debug|Any CPU
		{EADC6596-BAC3-4D5B-9050-0B342AE74D64}.Debug|Any CPU.Build.0 = Debug|Any CPU
		{EADC6596-BAC3-4D5B-9050-0B342AE74D64}.Release|Any CPU.ActiveCfg = Release|Any CPU
		{EADC6596-BAC3-4D5B-9050-0B342AE74D64}.Release|Any CPU.Build.0 = Release|Any CPU
	EndGlobalSection
	GlobalSection(SolutionProperties) = preSolution
		HideSolutionNode = FALSE
	EndGlobalSection
	GlobalSection(ExtensibilityGlobals) = postSolution
		SolutionGuid = {D7F012DD-41E1-4FCF-B699-0B9A7FA04967}
	EndGlobalSection
EndGlobal
